{
  "name": "face-client",
  "version": "0.1.0",
  "lockfileVersion": 1,
  "requires": true,
  "dependencies": {
    "@babel/runtime": {
      "version": "7.6.0",
      "resolved": "https://registry.npmjs.org/@babel/runtime/-/runtime-7.6.0.tgz",
      "integrity": "sha512-89eSBLJsxNxOERC0Op4vd+0Bqm6wRMqMbFtV3i0/fbaWw/mJ8Q3eBvgX0G4SyrOOLCtbu98HspF8o09MRT+KzQ==",
      "requires": {
        "regenerator-runtime": "^0.13.2"
      }
    },
    "@emotion/hash": {
      "version": "0.7.3",
      "resolved": "https://registry.npmjs.org/@emotion/hash/-/hash-0.7.3.tgz",
      "integrity": "sha512-14ZVlsB9akwvydAdaEnVnvqu6J2P6ySv39hYyl/aoB6w/V+bXX0tay8cF6paqbgZsN2n5Xh15uF4pE+GvE+itw=="
    },
    "@material-ui/core": {
      "version": "4.4.2",
      "resolved": "https://registry.npmjs.org/@material-ui/core/-/core-4.4.2.tgz",
      "integrity": "sha512-hnZ4SP/hWJ9sUoNMkStz/y/CL2c7j4JpVIB2py3+vpBFU9TgHL3noBk3Fr0gltRvvlYA9ekpiGsGZ2ukk1R7Eg==",
      "requires": {
        "@babel/runtime": "^7.4.4",
        "@material-ui/styles": "^4.4.1",
        "@material-ui/system": "^4.3.3",
        "@material-ui/types": "^4.1.1",
        "@material-ui/utils": "^4.4.0",
        "@types/react-transition-group": "^4.2.0",
        "clsx": "^1.0.2",
        "convert-css-length": "^2.0.1",
        "deepmerge": "^4.0.0",
        "hoist-non-react-statics": "^3.2.1",
        "is-plain-object": "^3.0.0",
        "normalize-scroll-left": "^0.2.0",
        "popper.js": "^1.14.1",
        "prop-types": "^15.7.2",
        "react-transition-group": "^4.0.0",
        "warning": "^4.0.1"
      },
      "dependencies": {
        "is-plain-object": {
          "version": "3.0.0",
          "resolved": "https://registry.npmjs.org/is-plain-object/-/is-plain-object-3.0.0.tgz",
          "integrity": "sha512-tZIpofR+P05k8Aocp7UI/2UTa9lTJSebCXpFFoR9aibpokDj/uXBsJ8luUu0tTVYKkMU6URDUuOfJZ7koewXvg==",
          "requires": {
            "isobject": "^4.0.0"
          }
        },
        "isobject": {
          "version": "4.0.0",
          "resolved": "https://registry.npmjs.org/isobject/-/isobject-4.0.0.tgz",
          "integrity": "sha512-S/2fF5wH8SJA/kmwr6HYhK/RI/OkhD84k8ntalo0iJjZikgq1XFvR5M8NPT1x5F7fBwCG3qHfnzeP/Vh/ZxCUA=="
        }
      }
    },
    "@material-ui/icons": {
      "version": "4.4.3",
      "resolved": "https://registry.npmjs.org/@material-ui/icons/-/icons-4.4.3.tgz",
      "integrity": "sha512-HVVvUyc/78kmaBd93LkfWyGkXMM+zOMKzUfulWXxaV/fFAZ3N0pD0oHjWUd94zrOoF3tZP9JC7EPlIpIcZSNow==",
      "requires": {
        "@babel/runtime": "^7.4.4"
      }
    },
    "@material-ui/styles": {
      "version": "4.4.1",
      "resolved": "https://registry.npmjs.org/@material-ui/styles/-/styles-4.4.1.tgz",
      "integrity": "sha512-wXASlta7G+N8NeihbAKQjL6E1XMkS3SWpksNKn1cxhmKYQ+5pkMAUW/rChC5ovG7C/C2ZIdajYgOz977m3xlBA==",
      "requires": {
        "@babel/runtime": "^7.4.4",
        "@emotion/hash": "^0.7.1",
        "@material-ui/types": "^4.1.1",
        "@material-ui/utils": "^4.1.0",
        "clsx": "^1.0.2",
        "csstype": "^2.5.2",
        "deepmerge": "^4.0.0",
        "hoist-non-react-statics": "^3.2.1",
        "jss": "10.0.0-alpha.24",
        "jss-plugin-camel-case": "10.0.0-alpha.24",
        "jss-plugin-default-unit": "10.0.0-alpha.24",
        "jss-plugin-global": "10.0.0-alpha.24",
        "jss-plugin-nested": "10.0.0-alpha.24",
        "jss-plugin-props-sort": "10.0.0-alpha.24",
        "jss-plugin-rule-value-function": "10.0.0-alpha.24",
        "jss-plugin-vendor-prefixer": "10.0.0-alpha.24",
        "prop-types": "^15.7.2",
        "warning": "^4.0.1"
      }
    },
    "@material-ui/system": {
      "version": "4.3.3",
      "resolved": "https://registry.npmjs.org/@material-ui/system/-/system-4.3.3.tgz",
      "integrity": "sha512-j7JyvlhcTdc1wV6HzrDTU7XXlarxYXEUyzyHawOA0kCGmYVN2uFHENQRARLUdl+mEmuXO4TsAhNAiqiKakkFMg==",
      "requires": {
        "@babel/runtime": "^7.4.4",
        "deepmerge": "^4.0.0",
        "prop-types": "^15.7.2",
        "warning": "^4.0.1"
      }
    },
    "@material-ui/types": {
      "version": "4.1.1",
      "resolved": "https://registry.npmjs.org/@material-ui/types/-/types-4.1.1.tgz",
      "integrity": "sha512-AN+GZNXytX9yxGi0JOfxHrRTbhFybjUJ05rnsBVjcB+16e466Z0Xe5IxawuOayVZgTBNDxmPKo5j4V6OnMtaSQ==",
      "requires": {
        "@types/react": "*"
      }
    },
    "@material-ui/utils": {
      "version": "4.4.0",
      "resolved": "https://registry.npmjs.org/@material-ui/utils/-/utils-4.4.0.tgz",
      "integrity": "sha512-UXoQVwArQEQWXxf2FPs0iJGT+MePQpKr0Qh0CPoLc1OdF0GSMTmQczcqCzwZkeHxHAOq/NkIKM1Pb/ih1Avicg==",
      "requires": {
        "@babel/runtime": "^7.4.4",
        "prop-types": "^15.7.2",
        "react-is": "^16.8.6"
      }
    },
    "@next/env": {
      "version": "13.0.3",
      "resolved": "https://registry.npmjs.org/@next/env/-/env-13.0.3.tgz",
      "integrity": "sha512-/4WzeG61Ot/PxsghXkSqQJ6UohFfwXoZ3dtsypmR9EBP+OIax9JRq0trq8Z/LCT9Aq4JbihVkaazRWguORjTAw=="
    },
    "@next/swc-android-arm-eabi": {
      "version": "13.0.3",
      "resolved": "https://registry.npmjs.org/@next/swc-android-arm-eabi/-/swc-android-arm-eabi-13.0.3.tgz",
      "integrity": "sha512-uxfUoj65CdFc1gX2q7GtBX3DhKv9Kn343LMqGNvXyuTpYTGMmIiVY7b9yF8oLWRV0gVKqhZBZifUmoPE8SJU6Q==",
      "optional": true
    },
    "@next/swc-android-arm64": {
      "version": "13.0.3",
      "resolved": "https://registry.npmjs.org/@next/swc-android-arm64/-/swc-android-arm64-13.0.3.tgz",
      "integrity": "sha512-t2k+WDfg7Cq2z/EnalKGsd/9E5F4Hdo1xu+UzZXYDpKUI9zgE6Bz8ajQb8m8txv3qOaWdKuDa5j5ziq9Acd1Xw==",
      "optional": true
    },
    "@next/swc-darwin-arm64": {
      "version": "13.0.3",
      "resolved": "https://registry.npmjs.org/@next/swc-darwin-arm64/-/swc-darwin-arm64-13.0.3.tgz",
      "integrity": "sha512-wV6j6SZ1bc/YHOLCLk9JVqaZTCCey6HBV7inl2DriHsHqIcO6F3+QiYf0KXwRP9BE0GSZZrYd5mZQm2JPTHdJA==",
      "optional": true
    },
    "@next/swc-darwin-x64": {
      "version": "13.0.3",
      "resolved": "https://registry.npmjs.org/@next/swc-darwin-x64/-/swc-darwin-x64-13.0.3.tgz",
      "integrity": "sha512-jaI2CMuYWvUtRixV3AIjUhnxUDU1FKOR+8hADMhYt3Yz+pCKuj4RZ0n0nY5qUf3qT1AtvnJXEgyatSFJhSp/wQ==",
      "optional": true
    },
    "@next/swc-freebsd-x64": {
      "version": "13.0.3",
      "resolved": "https://registry.npmjs.org/@next/swc-freebsd-x64/-/swc-freebsd-x64-13.0.3.tgz",
      "integrity": "sha512-nbyT0toBTJrcj5TCB9pVnQpGJ3utGyQj4CWegZs1ulaeUQ5Z7CS/qt8nRyYyOKYHtOdSCJ9Nw5F/RgKNkdpOdw==",
      "optional": true
    },
    "@next/swc-linux-arm-gnueabihf": {
      "version": "13.0.3",
      "resolved": "https://registry.npmjs.org/@next/swc-linux-arm-gnueabihf/-/swc-linux-arm-gnueabihf-13.0.3.tgz",
      "integrity": "sha512-1naLxYvRUQCoFCU1nMkcQueRc0Iux9xBv1L5pzH2ejtIWFg8BrSgyuluJG4nyAhFCx4WG863IEIkAaefOowVdA==",
      "optional": true
    },
    "@next/swc-linux-arm64-gnu": {
      "version": "13.0.3",
      "resolved": "https://registry.npmjs.org/@next/swc-linux-arm64-gnu/-/swc-linux-arm64-gnu-13.0.3.tgz",
      "integrity": "sha512-3Z4A8JkuGWpMVbUhUPQInK/SLY+kijTT78Q/NZCrhLlyvwrVxaQALJNlXzxDLraUgv4oVH0Wz/FIw1W9PUUhxA==",
      "optional": true
    },
    "@next/swc-linux-arm64-musl": {
      "version": "13.0.3",
      "resolved": "https://registry.npmjs.org/@next/swc-linux-arm64-musl/-/swc-linux-arm64-musl-13.0.3.tgz",
      "integrity": "sha512-MoYe9SM40UaunTjC+01c9OILLH3uSoeri58kDMu3KF/EFEvn1LZ6ODeDj+SLGlAc95wn46hrRJS2BPmDDE+jFQ==",
      "optional": true
    },
    "@next/swc-linux-x64-gnu": {
      "version": "13.0.3",
      "resolved": "https://registry.npmjs.org/@next/swc-linux-x64-gnu/-/swc-linux-x64-gnu-13.0.3.tgz",
      "integrity": "sha512-z22T5WGnRanjLMXdF0NaNjSpBlEzzY43t5Ysp3nW1oI6gOkub6WdQNZeHIY7A2JwkgSWZmtjLtf+Fzzz38LHeQ==",
      "optional": true
    },
    "@next/swc-linux-x64-musl": {
      "version": "13.0.3",
      "resolved": "https://registry.npmjs.org/@next/swc-linux-x64-musl/-/swc-linux-x64-musl-13.0.3.tgz",
      "integrity": "sha512-ZOMT7zjBFmkusAtr47k8xs/oTLsNlTH6xvYb+iux7yly2hZGwhfBLzPGBsbeMZukZ96IphJTagT+C033s6LNVA==",
      "optional": true
    },
    "@next/swc-win32-arm64-msvc": {
      "version": "13.0.3",
      "resolved": "https://registry.npmjs.org/@next/swc-win32-arm64-msvc/-/swc-win32-arm64-msvc-13.0.3.tgz",
      "integrity": "sha512-Q4BM16Djl+Oah9UdGrvjFYgoftYB2jNd+rtRGPX5Mmxo09Ry/KiLbOZnoUyoIxKc1xPyfqMXuaVsAFQLYs0KEQ==",
      "optional": true
    },
    "@next/swc-win32-ia32-msvc": {
      "version": "13.0.3",
      "resolved": "https://registry.npmjs.org/@next/swc-win32-ia32-msvc/-/swc-win32-ia32-msvc-13.0.3.tgz",
      "integrity": "sha512-Sa8yGkNeRUsic8Qjf7MLIAfP0p0+einK/wIqJ8UO1y76j+8rRQu42AMs5H4Ax1fm9GEYq6I8njHtY59TVpTtGQ==",
      "optional": true
    },
    "@next/swc-win32-x64-msvc": {
      "version": "13.0.3",
      "resolved": "https://registry.npmjs.org/@next/swc-win32-x64-msvc/-/swc-win32-x64-msvc-13.0.3.tgz",
      "integrity": "sha512-IAptmSqA7k4tQzaw2NAkoEjj3+Dz9ceuvlEHwYh770MMDL4V0ku2m+UHrmn5HUCEDHhgwwjg2nyf6728q2jr1w==",
      "optional": true
    },
    "@swc/helpers": {
      "version": "0.4.11",
      "resolved": "https://registry.npmjs.org/@swc/helpers/-/helpers-0.4.11.tgz",
      "integrity": "sha512-rEUrBSGIoSFuYxwBYtlUFMlE2CwGhmW+w9355/5oduSw8e5h2+Tj4UrAGNNgP9915++wj5vkQo0UuOBqOAq4nw==",
      "requires": {
        "tslib": "^2.4.0"
      }
    },
    "@types/prop-types": {
      "version": "15.7.3",
      "resolved": "https://registry.npmjs.org/@types/prop-types/-/prop-types-15.7.3.tgz",
      "integrity": "sha512-KfRL3PuHmqQLOG+2tGpRO26Ctg+Cq1E01D2DMriKEATHgWLfeNDmq9e29Q9WIky0dQ3NPkd1mzYH8Lm936Z9qw=="
    },
    "@types/react": {
      "version": "16.9.5",
      "resolved": "https://registry.npmjs.org/@types/react/-/react-16.9.5.tgz",
      "integrity": "sha512-jQ12VMiFOWYlp+j66dghOWcmDDwhca0bnlcTxS4Qz/fh5gi6wpaZDthPEu/Gc/YlAuO87vbiUXL8qKstFvuOaA==",
      "requires": {
        "@types/prop-types": "*",
        "csstype": "^2.2.0"
      }
    },
    "@types/react-transition-group": {
      "version": "4.2.2",
      "resolved": "https://registry.npmjs.org/@types/react-transition-group/-/react-transition-group-4.2.2.tgz",
      "integrity": "sha512-YfoaTNqBwbIqpiJ5NNfxfgg5kyFP1Hqf/jqBtSWNv0E+EkkxmN+3VD6U2fu86tlQvdAc1o0SdWhnWFwcRMTn9A==",
      "requires": {
        "@types/react": "*"
      }
    },
    "apexcharts": {
      "version": "3.8.6",
      "resolved": "https://registry.npmjs.org/apexcharts/-/apexcharts-3.8.6.tgz",
      "integrity": "sha512-IFw0MgShaW/HgOS/MnaaZa8rgIAwk89XvmOV6SRFkGjfQZIlQFzPDgrnKMbjsRqo2J8DBbdzSYejwvOFiJpkSg==",
      "requires": {
        "promise-polyfill": "8.1.0",
        "svg.draggable.js": "^2.2.2",
        "svg.easing.js": "^2.0.0",
        "svg.filter.js": "^2.0.2",
        "svg.pathmorphing.js": "^0.1.3",
        "svg.resize.js": "^1.4.3",
        "svg.select.js": "^2.1.2"
      }
    },
    "caniuse-lite": {
      "version": "1.0.30001431",
      "resolved": "https://registry.npmjs.org/caniuse-lite/-/caniuse-lite-1.0.30001431.tgz",
      "integrity": "sha512-zBUoFU0ZcxpvSt9IU66dXVT/3ctO1cy4y9cscs1szkPlcWb6pasYM144GqrUygUbT+k7cmUCW61cvskjcv0enQ=="
    },
    "client-only": {
      "version": "0.0.1",
      "resolved": "https://registry.npmjs.org/client-only/-/client-only-0.0.1.tgz",
      "integrity": "sha512-IV3Ou0jSMzZrd3pZ48nLkT9DA7Ag1pnPzaiQhpW7c3RbcqqzvzzVu+L8gfqMp/8IM2MQtSiqaCxrrcfu8I8rMA=="
    },
    "clsx": {
      "version": "1.0.4",
      "resolved": "https://registry.npmjs.org/clsx/-/clsx-1.0.4.tgz",
      "integrity": "sha512-1mQ557MIZTrL/140j+JVdRM6e31/OA4vTYxXgqIIZlndyfjHpyawKZia1Im05Vp9BWmImkcNrNtFYQMyFcgJDg=="
    },
    "convert-css-length": {
      "version": "2.0.1",
      "resolved": "https://registry.npmjs.org/convert-css-length/-/convert-css-length-2.0.1.tgz",
      "integrity": "sha512-iGpbcvhLPRKUbBc0Quxx7w/bV14AC3ItuBEGMahA5WTYqB8lq9jH0kTXFheCBASsYnqeMFZhiTruNxr1N59Axg=="
    },
    "css-vendor": {
      "version": "2.0.7",
      "resolved": "https://registry.npmjs.org/css-vendor/-/css-vendor-2.0.7.tgz",
      "integrity": "sha512-VS9Rjt79+p7M0WkPqcAza4Yq1ZHrsHrwf7hPL/bjQB+c1lwmAI+1FXxYTYt818D/50fFVflw0XKleiBN5RITkg==",
      "requires": {
        "@babel/runtime": "^7.6.2",
        "is-in-browser": "^1.0.2"
      },
      "dependencies": {
        "@babel/runtime": {
          "version": "7.6.2",
          "resolved": "https://registry.npmjs.org/@babel/runtime/-/runtime-7.6.2.tgz",
          "integrity": "sha512-EXxN64agfUqqIGeEjI5dL5z0Sw0ZwWo1mLTi4mQowCZ42O59b7DRpZAnTC6OqdF28wMBMFKNb/4uFGrVaigSpg==",
          "requires": {
            "regenerator-runtime": "^0.13.2"
          }
        }
      }
    },
    "csstype": {
      "version": "2.6.7",
      "resolved": "https://registry.npmjs.org/csstype/-/csstype-2.6.7.tgz",
      "integrity": "sha512-9Mcn9sFbGBAdmimWb2gLVDtFJzeKtDGIr76TUqmjZrw9LFXBMSU70lcs+C0/7fyCd6iBDqmksUcCOUIkisPHsQ=="
    },
    "deepmerge": {
      "version": "4.0.0",
      "resolved": "https://registry.npmjs.org/deepmerge/-/deepmerge-4.0.0.tgz",
      "integrity": "sha512-YZ1rOP5+kHor4hMAH+HRQnBQHg+wvS1un1hAOuIcxcBy0hzcUf6Jg2a1w65kpoOUnurOfZbERwjI1TfZxNjcww=="
    },
    "dom-helpers": {
      "version": "5.1.0",
      "resolved": "https://registry.npmjs.org/dom-helpers/-/dom-helpers-5.1.0.tgz",
      "integrity": "sha512-zRRYDhpiKuAJHasOqCm7lBnsd22nrM4+OYI4ASWCxen+ocTMl7BIAKgGag97TlLiTl6rrau5aPe1VGUm9jQBng==",
      "requires": {
        "@babel/runtime": "^7.5.5",
        "csstype": "^2.6.6"
      }
    },
    "hoist-non-react-statics": {
      "version": "3.3.0",
      "resolved": "https://registry.npmjs.org/hoist-non-react-statics/-/hoist-non-react-statics-3.3.0.tgz",
      "integrity": "sha512-0XsbTXxgiaCDYDIWFcwkmerZPSwywfUqYmwT4jzewKTQSWoE6FCMoUVOeBJWK3E/CrWbxRG3m5GzY4lnIwGRBA==",
      "requires": {
        "react-is": "^16.7.0"
      }
    },
    "hyphenate-style-name": {
      "version": "1.0.3",
      "resolved": "https://registry.npmjs.org/hyphenate-style-name/-/hyphenate-style-name-1.0.3.tgz",
      "integrity": "sha512-EcuixamT82oplpoJ2XU4pDtKGWQ7b00CD9f1ug9IaQ3p1bkHMiKCZ9ut9QDI6qsa6cpUuB+A/I+zLtdNK4n2DQ=="
    },
    "is-in-browser": {
      "version": "1.1.3",
      "resolved": "https://registry.npmjs.org/is-in-browser/-/is-in-browser-1.1.3.tgz",
      "integrity": "sha1-Vv9NtoOgeMYILrldrX3GLh0E+DU="
    },
    "js-tokens": {
      "version": "4.0.0",
      "resolved": "https://registry.npmjs.org/js-tokens/-/js-tokens-4.0.0.tgz",
      "integrity": "sha512-RdJUflcE3cUzKiMqQgsCu06FPu9UdIJO0beYbPhHN4k6apgJtifcoCtT9bcxOpYBtpD2kCM6Sbzg4CausW/PKQ=="
    },
    "jss": {
      "version": "10.0.0-alpha.24",
      "resolved": "https://registry.npmjs.org/jss/-/jss-10.0.0-alpha.24.tgz",
      "integrity": "sha512-kfuSitcj7MTrDtSPLkrWcZppgZlTE3A+cqrkC+Z10WYROt0RXIWINAaK8tE2ohwkDfUlaM1YcRYvV3iT6YNFTA==",
      "requires": {
        "@babel/runtime": "^7.3.1",
        "csstype": "^2.6.5",
        "is-in-browser": "^1.1.3",
        "tiny-warning": "^1.0.2"
      }
    },
    "jss-plugin-camel-case": {
      "version": "10.0.0-alpha.24",
      "resolved": "https://registry.npmjs.org/jss-plugin-camel-case/-/jss-plugin-camel-case-10.0.0-alpha.24.tgz",
      "integrity": "sha512-cRYLbGl6oO9wdGXp3hn+xqc8pw8bjaui25dDYuEeEsRZMh5/OKl3ByYxDT3PLKgFqouy5Xo+YmLGVH8l+nnEdQ==",
      "requires": {
        "@babel/runtime": "^7.3.1",
        "hyphenate-style-name": "^1.0.3",
        "jss": "10.0.0-alpha.24"
      }
    },
    "jss-plugin-default-unit": {
      "version": "10.0.0-alpha.24",
      "resolved": "https://registry.npmjs.org/jss-plugin-default-unit/-/jss-plugin-default-unit-10.0.0-alpha.24.tgz",
      "integrity": "sha512-1E1XlJqJ/9I1lR5EO/tA75U1LIIicKvW6xZEKLxAP8NC/rUjI+yBQBTBJn61LOpua51e7fgW8me46Z+iuXiC4A==",
      "requires": {
        "@babel/runtime": "^7.3.1",
        "jss": "10.0.0-alpha.24"
      }
    },
    "jss-plugin-global": {
      "version": "10.0.0-alpha.24",
      "resolved": "https://registry.npmjs.org/jss-plugin-global/-/jss-plugin-global-10.0.0-alpha.24.tgz",
      "integrity": "sha512-3LoxrZloF4tvXrS5S7enV9OhtaxXsEP3BQdiE76vI/ecCmgNDZNpnPd8MG20ptn2iAOsoMGfoMX20Ea1IKl/Mg==",
      "requires": {
        "@babel/runtime": "^7.3.1",
        "jss": "10.0.0-alpha.24"
      }
    },
    "jss-plugin-nested": {
      "version": "10.0.0-alpha.24",
      "resolved": "https://registry.npmjs.org/jss-plugin-nested/-/jss-plugin-nested-10.0.0-alpha.24.tgz",
      "integrity": "sha512-BWU6NaRZTVSJc7N+3FeHacdkFOjCMThouoRQPCWVxeT0nmAVlVGwgYzChcI+vzncx+UaRQC0x+01FYhVQ2xAFA==",
      "requires": {
        "@babel/runtime": "^7.3.1",
        "jss": "10.0.0-alpha.24",
        "tiny-warning": "^1.0.2"
      }
    },
    "jss-plugin-props-sort": {
      "version": "10.0.0-alpha.24",
      "resolved": "https://registry.npmjs.org/jss-plugin-props-sort/-/jss-plugin-props-sort-10.0.0-alpha.24.tgz",
      "integrity": "sha512-TB4RpXwnGSEE58rN2RRzcWqhIaz0oAS1UBg10mk1fuLpkKyHEJWuuZXzgGih23Ivl/8LDVzTF+QRY5JagMUUGg==",
      "requires": {
        "@babel/runtime": "^7.3.1",
        "jss": "10.0.0-alpha.24"
      }
    },
    "jss-plugin-rule-value-function": {
      "version": "10.0.0-alpha.24",
      "resolved": "https://registry.npmjs.org/jss-plugin-rule-value-function/-/jss-plugin-rule-value-function-10.0.0-alpha.24.tgz",
      "integrity": "sha512-uFw4tf8PN48bdv4ZcDjG3OzKPIFZ4gpCC1cWO/dyexYfFIubX3bnQUbK4B0wPNe9LJU4KQo8s4F42B8B1ADTrA==",
      "requires": {
        "@babel/runtime": "^7.3.1",
        "jss": "10.0.0-alpha.24"
      }
    },
    "jss-plugin-vendor-prefixer": {
      "version": "10.0.0-alpha.24",
      "resolved": "https://registry.npmjs.org/jss-plugin-vendor-prefixer/-/jss-plugin-vendor-prefixer-10.0.0-alpha.24.tgz",
      "integrity": "sha512-hffKj0kSSvZsXs6RYEylpBlEGjryMzU1lsWqC5vQAT/Xb3tDe60BbEarEOFLBGv7EfyajXkuRwlXAQocV5ejCg==",
      "requires": {
        "@babel/runtime": "^7.3.1",
        "css-vendor": "^2.0.5",
        "jss": "10.0.0-alpha.24"
      }
    },
    "loose-envify": {
      "version": "1.4.0",
      "resolved": "https://registry.npmjs.org/loose-envify/-/loose-envify-1.4.0.tgz",
      "integrity": "sha512-lyuxPGr/Wfhrlem2CL/UcnUc1zcqKAImBDzukY7Y5F/yQiNdko6+fRLevlw1HgMySw7f611UIY408EtxRSoK3Q==",
      "requires": {
        "js-tokens": "^3.0.0 || ^4.0.0"
      }
    },
    "nanoid": {
      "version": "3.3.4",
      "resolved": "https://registry.npmjs.org/nanoid/-/nanoid-3.3.4.tgz",
      "integrity": "sha512-MqBkQh/OHTS2egovRtLk45wEyNXwF+cokD+1YPf9u5VfJiRdAiRwB2froX5Co9Rh20xs4siNPm8naNotSD6RBw=="
    },
    "next": {
      "version": "13.0.3",
      "resolved": "https://registry.npmjs.org/next/-/next-13.0.3.tgz",
      "integrity": "sha512-rFQeepcenRxKzeKlh1CsmEnxsJwhIERtbUjmYnKZyDInZsU06lvaGw5DT44rlNp1Rv2MT/e9vffZ8vK+ytwXHA==",
      "requires": {
        "@next/env": "13.0.3",
        "@next/swc-android-arm-eabi": "13.0.3",
        "@next/swc-android-arm64": "13.0.3",
        "@next/swc-darwin-arm64": "13.0.3",
        "@next/swc-darwin-x64": "13.0.3",
        "@next/swc-freebsd-x64": "13.0.3",
        "@next/swc-linux-arm-gnueabihf": "13.0.3",
        "@next/swc-linux-arm64-gnu": "13.0.3",
        "@next/swc-linux-arm64-musl": "13.0.3",
        "@next/swc-linux-x64-gnu": "13.0.3",
        "@next/swc-linux-x64-musl": "13.0.3",
        "@next/swc-win32-arm64-msvc": "13.0.3",
        "@next/swc-win32-ia32-msvc": "13.0.3",
        "@next/swc-win32-x64-msvc": "13.0.3",
        "@swc/helpers": "0.4.11",
        "caniuse-lite": "^1.0.30001406",
        "postcss": "8.4.14",
        "styled-jsx": "5.1.0",
        "use-sync-external-store": "1.2.0"
      }
    },
    "normalize-scroll-left": {
      "version": "0.2.0",
      "resolved": "https://registry.npmjs.org/normalize-scroll-left/-/normalize-scroll-left-0.2.0.tgz",
      "integrity": "sha512-t5oCENZJl8TGusJKoCJm7+asaSsPuNmK6+iEjrZ5TyBj2f02brCRsd4c83hwtu+e5d4LCSBZ0uoDlMjBo+A8yA=="
    },
    "object-assign": {
      "version": "4.1.1",
      "resolved": "https://registry.npmjs.org/object-assign/-/object-assign-4.1.1.tgz",
      "integrity": "sha1-IQmtx5ZYh8/AXLvUQsrIv7s2CGM="
    },
    "picocolors": {
      "version": "1.0.0",
      "resolved": "https://registry.npmjs.org/picocolors/-/picocolors-1.0.0.tgz",
      "integrity": "sha512-1fygroTLlHu66zi26VoTDv8yRgm0Fccecssto+MhsZ0D/DGW2sm8E8AjW7NU5VVTRt5GxbeZ5qBuJr+HyLYkjQ=="
    },
    "popper.js": {
      "version": "1.15.0",
      "resolved": "https://registry.npmjs.org/popper.js/-/popper.js-1.15.0.tgz",
      "integrity": "sha512-w010cY1oCUmI+9KwwlWki+r5jxKfTFDVoadl7MSrIujHU5MJ5OR6HTDj6Xo8aoR/QsA56x8jKjA59qGH4ELtrA=="
    },
    "postcss": {
      "version": "8.4.14",
      "resolved": "https://registry.npmjs.org/postcss/-/postcss-8.4.14.tgz",
      "integrity": "sha512-E398TUmfAYFPBSdzgeieK2Y1+1cpdxJx8yXbK/m57nRhKSmk1GB2tO4lbLBtlkfPQTDKfe4Xqv1ASWPpayPEig==",
      "requires": {
        "nanoid": "^3.3.4",
        "picocolors": "^1.0.0",
        "source-map-js": "^1.0.2"
      }
    },
    "promise-polyfill": {
      "version": "8.1.0",
      "resolved": "https://registry.npmjs.org/promise-polyfill/-/promise-polyfill-8.1.0.tgz",
      "integrity": "sha512-OzSf6gcCUQ01byV4BgwyUCswlaQQ6gzXc23aLQWhicvfX9kfsUiUhgt3CCQej8jDnl8/PhGF31JdHX2/MzF3WA=="
    },
    "prop-types": {
      "version": "15.7.2",
      "resolved": "https://registry.npmjs.org/prop-types/-/prop-types-15.7.2.tgz",
      "integrity": "sha512-8QQikdH7//R2vurIJSutZ1smHYTcLpRWEOlHnzcWHmBYrOGUysKwSsrC89BCiFj3CbrfJ/nXFdJepOVrY1GCHQ==",
      "requires": {
        "loose-envify": "^1.4.0",
        "object-assign": "^4.1.1",
        "react-is": "^16.8.1"
      }
    },
    "react": {
      "version": "16.9.0",
      "resolved": "https://registry.npmjs.org/react/-/react-16.9.0.tgz",
      "integrity": "sha512-+7LQnFBwkiw+BobzOF6N//BdoNw0ouwmSJTEm9cglOOmsg/TMiFHZLe2sEoN5M7LgJTj9oHH0gxklfnQe66S1w==",
      "requires": {
        "loose-envify": "^1.1.0",
        "object-assign": "^4.1.1",
        "prop-types": "^15.6.2"
      }
    },
    "react-apexcharts": {
      "version": "1.3.3",
      "resolved": "https://registry.npmjs.org/react-apexcharts/-/react-apexcharts-1.3.3.tgz",
      "integrity": "sha512-8QztjzXnDwQc2lkhTstyB3DvICqn7aiW1m+GLIz2r8+kBBKW0LAOIud/khR/4pN8xvhM3FITcGPDConUvI/AbQ==",
      "requires": {
        "prop-types": "^15.5.7"
      }
    },
    "react-dom": {
      "version": "16.9.0",
      "resolved": "https://registry.npmjs.org/react-dom/-/react-dom-16.9.0.tgz",
      "integrity": "sha512-YFT2rxO9hM70ewk9jq0y6sQk8cL02xm4+IzYBz75CQGlClQQ1Bxq0nhHF6OtSbit+AIahujJgb/CPRibFkMNJQ==",
      "requires": {
        "loose-envify": "^1.1.0",
        "object-assign": "^4.1.1",
        "prop-types": "^15.6.2",
        "scheduler": "^0.15.0"
      }
    },
    "react-is": {
      "version": "16.10.2",
      "resolved": "https://registry.npmjs.org/react-is/-/react-is-16.10.2.tgz",
      "integrity": "sha512-INBT1QEgtcCCgvccr5/86CfD71fw9EPmDxgiJX4I2Ddr6ZsV6iFXsuby+qWJPtmNuMY0zByTsG4468P7nHuNWA=="
    },
    "react-transition-group": {
      "version": "4.3.0",
      "resolved": "https://registry.npmjs.org/react-transition-group/-/react-transition-group-4.3.0.tgz",
      "integrity": "sha512-1qRV1ZuVSdxPlPf4O8t7inxUGpdyO5zG9IoNfJxSO0ImU2A1YWkEQvFPuIPZmMLkg5hYs7vv5mMOyfgSkvAwvw==",
      "requires": {
        "@babel/runtime": "^7.5.5",
        "dom-helpers": "^5.0.1",
        "loose-envify": "^1.4.0",
        "prop-types": "^15.6.2"
      }
    },
    "react-webcam": {
      "version": "3.1.1",
      "resolved": "https://registry.npmjs.org/react-webcam/-/react-webcam-3.1.1.tgz",
      "integrity": "sha512-ByfSevEyq05yExOUUEe0m7QW7l8CNFxuRzqPKwMVsvXjP+FtaCNZuNviQD9Q5qHJ0wpbM+VXO8/OUjBp0UIE2w=="
    },
    "regenerator-runtime": {
      "version": "0.13.3",
      "resolved": "https://registry.npmjs.org/regenerator-runtime/-/regenerator-runtime-0.13.3.tgz",
      "integrity": "sha512-naKIZz2GQ8JWh///G7L3X6LaQUAMp2lvb1rvwwsURe/VXwD6VMfr+/1NuNw3ag8v2kY1aQ/go5SNn79O9JU7yw=="
    },
    "scheduler": {
      "version": "0.15.0",
      "resolved": "https://registry.npmjs.org/scheduler/-/scheduler-0.15.0.tgz",
      "integrity": "sha512-xAefmSfN6jqAa7Kuq7LIJY0bwAPG3xlCj0HMEBQk1lxYiDKZscY2xJ5U/61ZTrYbmNQbXa+gc7czPkVo11tnCg==",
      "requires": {
        "loose-envify": "^1.1.0",
        "object-assign": "^4.1.1"
      }
    },
    "source-map-js": {
      "version": "1.0.2",
      "resolved": "https://registry.npmjs.org/source-map-js/-/source-map-js-1.0.2.tgz",
      "integrity": "sha512-R0XvVJ9WusLiqTCEiGCmICCMplcCkIwwR11mOSD9CR5u+IXYdiseeEuXCVAjS54zqwkLcPNnmU4OeJ6tUrWhDw=="
    },
    "styled-jsx": {
      "version": "5.1.0",
      "resolved": "https://registry.npmjs.org/styled-jsx/-/styled-jsx-5.1.0.tgz",
      "integrity": "sha512-/iHaRJt9U7T+5tp6TRelLnqBqiaIT0HsO0+vgyj8hK2KUk7aejFqRrumqPUlAqDwAj8IbS/1hk3IhBAAK/FCUQ==",
      "requires": {
        "client-only": "0.0.1"
      }
    },
    "svg.draggable.js": {
      "version": "2.2.2",
      "resolved": "https://registry.npmjs.org/svg.draggable.js/-/svg.draggable.js-2.2.2.tgz",
      "integrity": "sha512-JzNHBc2fLQMzYCZ90KZHN2ohXL0BQJGQimK1kGk6AvSeibuKcIdDX9Kr0dT9+UJ5O8nYA0RB839Lhvk4CY4MZw==",
      "requires": {
        "svg.js": "^2.0.1"
      }
    },
    "svg.easing.js": {
      "version": "2.0.0",
      "resolved": "https://registry.npmjs.org/svg.easing.js/-/svg.easing.js-2.0.0.tgz",
      "integrity": "sha1-iqmUawqOJ4V6XEChDrpAkeVpHxI=",
      "requires": {
        "svg.js": ">=2.3.x"
      }
    },
    "svg.filter.js": {
      "version": "2.0.2",
      "resolved": "https://registry.npmjs.org/svg.filter.js/-/svg.filter.js-2.0.2.tgz",
      "integrity": "sha1-kQCOFROJ3ZIwd5/L5uLJo2LRwgM=",
      "requires": {
        "svg.js": "^2.2.5"
      }
    },
    "svg.js": {
      "version": "2.7.1",
      "resolved": "https://registry.npmjs.org/svg.js/-/svg.js-2.7.1.tgz",
      "integrity": "sha512-ycbxpizEQktk3FYvn/8BH+6/EuWXg7ZpQREJvgacqn46gIddG24tNNe4Son6omdXCnSOaApnpZw6MPCBA1dODA=="
    },
    "svg.pathmorphing.js": {
      "version": "0.1.3",
      "resolved": "https://registry.npmjs.org/svg.pathmorphing.js/-/svg.pathmorphing.js-0.1.3.tgz",
      "integrity": "sha512-49HWI9X4XQR/JG1qXkSDV8xViuTLIWm/B/7YuQELV5KMOPtXjiwH4XPJvr/ghEDibmLQ9Oc22dpWpG0vUDDNww==",
      "requires": {
        "svg.js": "^2.4.0"
      }
    },
    "svg.resize.js": {
      "version": "1.4.3",
      "resolved": "https://registry.npmjs.org/svg.resize.js/-/svg.resize.js-1.4.3.tgz",
      "integrity": "sha512-9k5sXJuPKp+mVzXNvxz7U0uC9oVMQrrf7cFsETznzUDDm0x8+77dtZkWdMfRlmbkEEYvUn9btKuZ3n41oNA+uw==",
      "requires": {
        "svg.js": "^2.6.5",
        "svg.select.js": "^2.1.2"
      }
    },
    "svg.select.js": {
      "version": "2.1.2",
      "resolved": "https://registry.npmjs.org/svg.select.js/-/svg.select.js-2.1.2.tgz",
      "integrity": "sha512-tH6ABEyJsAOVAhwcCjF8mw4crjXSI1aa7j2VQR8ZuJ37H2MBUbyeqYr5nEO7sSN3cy9AR9DUwNg0t/962HlDbQ==",
      "requires": {
        "svg.js": "^2.2.5"
      }
    },
    "tiny-warning": {
      "version": "1.0.3",
      "resolved": "https://registry.npmjs.org/tiny-warning/-/tiny-warning-1.0.3.tgz",
      "integrity": "sha512-lBN9zLN/oAf68o3zNXYrdCt1kP8WsiGW8Oo2ka41b2IM5JL/S1CTyX1rW0mb/zSuJun0ZUrDxx4sqvYS2FWzPA=="
    },
    "tslib": {
      "version": "2.4.1",
      "resolved": "https://registry.npmjs.org/tslib/-/tslib-2.4.1.tgz",
      "integrity": "sha512-tGyy4dAjRIEwI7BzsB0lynWgOpfqjUdq91XXAlIWD2OwKBH7oCl/GZG/HT4BOHrTlPMOASlMQ7veyTqpmRcrNA=="
    },
    "use-sync-external-store": {
      "version": "1.2.0",
      "resolved": "https://registry.npmjs.org/use-sync-external-store/-/use-sync-external-store-1.2.0.tgz",
      "integrity": "sha512-eEgnFxGQ1Ife9bzYs6VLi8/4X6CObHMw9Qr9tPY43iKwsPw8xE8+EFsf/2cFZ5S3esXgpWgtSCtLNS41F+sKPA=="
    },
    "warning": {
      "version": "4.0.3",
      "resolved": "https://registry.npmjs.org/warning/-/warning-4.0.3.tgz",
      "integrity": "sha512-rpJyN222KWIvHJ/F53XSZv0Zl/accqHR8et1kpaMTD/fLCRxtV8iX8czMzY7sVZupTI3zcUTg8eycS2kNF9l6w==",
      "requires": {
        "loose-envify": "^1.0.0"
      }
    }
  }
}
