# THIS IS AN AUTOGENERATED FILE. DO NOT EDIT THIS FILE DIRECTLY.
# yarn lockfile v1


"@babel/runtime@^7.3.1", "@babel/runtime@^7.4.4", "@babel/runtime@^7.5.5":
  version "7.10.4"
  resolved "https://registry.yarnpkg.com/@babel/runtime/-/runtime-7.10.4.tgz#a6724f1a6b8d2f6ea5236dbfe58c7d7ea9c5eb99"
  integrity sha512-UpTN5yUJr9b4EX2CnGNWIvER7Ab83ibv0pcvvHc4UOdrBI5jb8bj+32cCwPX6xu0mt2daFNjYhoi+X7beH0RSw==
  dependencies:
    regenerator-runtime "^0.13.4"

"@emotion/hash@^0.7.1":
  version "0.7.3"
  resolved "https://registry.yarnpkg.com/@emotion/hash/-/hash-0.7.3.tgz#a166882c81c0c6040975dd30df24fae8549bd96f"
  integrity sha512-14ZVlsB9akwvydAdaEnVnvqu6J2P6ySv39hYyl/aoB6w/V+bXX0tay8cF6paqbgZsN2n5Xh15uF4pE+GvE+itw==

"@material-ui/core@^4.4.2":
  version "4.4.2"
  resolved "https://registry.yarnpkg.com/@material-ui/core/-/core-4.4.2.tgz#66a9423e533833d2867827e6fdf526adbdceb7c0"
  integrity sha512-hnZ4SP/hWJ9sUoNMkStz/y/CL2c7j4JpVIB2py3+vpBFU9TgHL3noBk3Fr0gltRvvlYA9ekpiGsGZ2ukk1R7Eg==
  dependencies:
    "@babel/runtime" "^7.4.4"
    "@material-ui/styles" "^4.4.1"
    "@material-ui/system" "^4.3.3"
    "@material-ui/types" "^4.1.1"
    "@material-ui/utils" "^4.4.0"
    "@types/react-transition-group" "^4.2.0"
    clsx "^1.0.2"
    convert-css-length "^2.0.1"
    deepmerge "^4.0.0"
    hoist-non-react-statics "^3.2.1"
    is-plain-object "^3.0.0"
    normalize-scroll-left "^0.2.0"
    popper.js "^1.14.1"
    prop-types "^15.7.2"
    react-transition-group "^4.0.0"
    warning "^4.0.1"

"@material-ui/icons@^4.4.3":
  version "4.9.1"
  resolved "https://registry.yarnpkg.com/@material-ui/icons/-/icons-4.9.1.tgz#fdeadf8cb3d89208945b33dbc50c7c616d0bd665"
  integrity sha512-GBitL3oBWO0hzBhvA9KxqcowRUsA0qzwKkURyC8nppnC3fw54KPKZ+d4V1Eeg/UnDRSzDaI9nGCdel/eh9AQMg==
  dependencies:
    "@babel/runtime" "^7.4.4"

"@material-ui/styles@^4.4.1":
  version "4.4.1"
  resolved "https://registry.yarnpkg.com/@material-ui/styles/-/styles-4.4.1.tgz#a53fb39e373636bd2c296a78c54afecb80f68446"
  integrity sha512-wXASlta7G+N8NeihbAKQjL6E1XMkS3SWpksNKn1cxhmKYQ+5pkMAUW/rChC5ovG7C/C2ZIdajYgOz977m3xlBA==
  dependencies:
    "@babel/runtime" "^7.4.4"
    "@emotion/hash" "^0.7.1"
    "@material-ui/types" "^4.1.1"
    "@material-ui/utils" "^4.1.0"
    clsx "^1.0.2"
    csstype "^2.5.2"
    deepmerge "^4.0.0"
    hoist-non-react-statics "^3.2.1"
    jss "10.0.0-alpha.24"
    jss-plugin-camel-case "10.0.0-alpha.24"
    jss-plugin-default-unit "10.0.0-alpha.24"
    jss-plugin-global "10.0.0-alpha.24"
    jss-plugin-nested "10.0.0-alpha.24"
    jss-plugin-props-sort "10.0.0-alpha.24"
    jss-plugin-rule-value-function "10.0.0-alpha.24"
    jss-plugin-vendor-prefixer "10.0.0-alpha.24"
    prop-types "^15.7.2"
    warning "^4.0.1"

"@material-ui/system@^4.3.3":
  version "4.3.3"
  resolved "https://registry.yarnpkg.com/@material-ui/system/-/system-4.3.3.tgz#8534fe76adbd3938a8dea833e69d84a7a143ecff"
  integrity sha512-j7JyvlhcTdc1wV6HzrDTU7XXlarxYXEUyzyHawOA0kCGmYVN2uFHENQRARLUdl+mEmuXO4TsAhNAiqiKakkFMg==
  dependencies:
    "@babel/runtime" "^7.4.4"
    deepmerge "^4.0.0"
    prop-types "^15.7.2"
    warning "^4.0.1"

"@material-ui/types@^4.1.1":
  version "4.1.1"
  resolved "https://registry.yarnpkg.com/@material-ui/types/-/types-4.1.1.tgz#b65e002d926089970a3271213a3ad7a21b17f02b"
  integrity sha512-AN+GZNXytX9yxGi0JOfxHrRTbhFybjUJ05rnsBVjcB+16e466Z0Xe5IxawuOayVZgTBNDxmPKo5j4V6OnMtaSQ==
  dependencies:
    "@types/react" "*"

"@material-ui/utils@^4.1.0", "@material-ui/utils@^4.4.0":
  version "4.4.0"
  resolved "https://registry.yarnpkg.com/@material-ui/utils/-/utils-4.4.0.tgz#9275421e2798a067850d201212d46f12725828ad"
  integrity sha512-UXoQVwArQEQWXxf2FPs0iJGT+MePQpKr0Qh0CPoLc1OdF0GSMTmQczcqCzwZkeHxHAOq/NkIKM1Pb/ih1Avicg==
  dependencies:
    "@babel/runtime" "^7.4.4"
    prop-types "^15.7.2"
    react-is "^16.8.6"

"@next/env@13.0.3":
  version "13.0.3"
  resolved "https://registry.yarnpkg.com/@next/env/-/env-13.0.3.tgz#f2ecec9a6634aed28dca9e7b79bd65d9c516a1b4"
  integrity sha512-/4WzeG61Ot/PxsghXkSqQJ6UohFfwXoZ3dtsypmR9EBP+OIax9JRq0trq8Z/LCT9Aq4JbihVkaazRWguORjTAw==

"@next/swc-android-arm-eabi@13.0.3":
  version "13.0.3"
  resolved "https://registry.yarnpkg.com/@next/swc-android-arm-eabi/-/swc-android-arm-eabi-13.0.3.tgz#87ce3b7d81ec198f5360f4393e5e03f112758696"
  integrity sha512-uxfUoj65CdFc1gX2q7GtBX3DhKv9Kn343LMqGNvXyuTpYTGMmIiVY7b9yF8oLWRV0gVKqhZBZifUmoPE8SJU6Q==

"@next/swc-android-arm64@13.0.3":
  version "13.0.3"
  resolved "https://registry.yarnpkg.com/@next/swc-android-arm64/-/swc-android-arm64-13.0.3.tgz#2029f759cb3e85082da15ced94704a68e390a0e9"
  integrity sha512-t2k+WDfg7Cq2z/EnalKGsd/9E5F4Hdo1xu+UzZXYDpKUI9zgE6Bz8ajQb8m8txv3qOaWdKuDa5j5ziq9Acd1Xw==

"@next/swc-darwin-arm64@13.0.3":
  version "13.0.3"
  resolved "https://registry.yarnpkg.com/@next/swc-darwin-arm64/-/swc-darwin-arm64-13.0.3.tgz#f5deafd3feccf7c24b81df9a6a06d4d13bec254f"
  integrity sha512-wV6j6SZ1bc/YHOLCLk9JVqaZTCCey6HBV7inl2DriHsHqIcO6F3+QiYf0KXwRP9BE0GSZZrYd5mZQm2JPTHdJA==

"@next/swc-darwin-x64@13.0.3":
  version "13.0.3"
  resolved "https://registry.yarnpkg.com/@next/swc-darwin-x64/-/swc-darwin-x64-13.0.3.tgz#4d4321c02b88fdd052e7a0cc8b3719ac16f8ad4b"
  integrity sha512-jaI2CMuYWvUtRixV3AIjUhnxUDU1FKOR+8hADMhYt3Yz+pCKuj4RZ0n0nY5qUf3qT1AtvnJXEgyatSFJhSp/wQ==

"@next/swc-freebsd-x64@13.0.3":
  version "13.0.3"
  resolved "https://registry.yarnpkg.com/@next/swc-freebsd-x64/-/swc-freebsd-x64-13.0.3.tgz#f2cbac9dc03172ef94275a6380cdd4d08024fcd4"
  integrity sha512-nbyT0toBTJrcj5TCB9pVnQpGJ3utGyQj4CWegZs1ulaeUQ5Z7CS/qt8nRyYyOKYHtOdSCJ9Nw5F/RgKNkdpOdw==

"@next/swc-linux-arm-gnueabihf@13.0.3":
  version "13.0.3"
  resolved "https://registry.yarnpkg.com/@next/swc-linux-arm-gnueabihf/-/swc-linux-arm-gnueabihf-13.0.3.tgz#1b12006a25518ddc6ee9c58852149f82639876cf"
  integrity sha512-1naLxYvRUQCoFCU1nMkcQueRc0Iux9xBv1L5pzH2ejtIWFg8BrSgyuluJG4nyAhFCx4WG863IEIkAaefOowVdA==

"@next/swc-linux-arm64-gnu@13.0.3":
  version "13.0.3"
  resolved "https://registry.yarnpkg.com/@next/swc-linux-arm64-gnu/-/swc-linux-arm64-gnu-13.0.3.tgz#f44a34fc073b91ad2ab7dd757c063e764e642ddc"
  integrity sha512-3Z4A8JkuGWpMVbUhUPQInK/SLY+kijTT78Q/NZCrhLlyvwrVxaQALJNlXzxDLraUgv4oVH0Wz/FIw1W9PUUhxA==

"@next/swc-linux-arm64-musl@13.0.3":
  version "13.0.3"
  resolved "https://registry.yarnpkg.com/@next/swc-linux-arm64-musl/-/swc-linux-arm64-musl-13.0.3.tgz#5fd31e1149f151393b98239b5a6a96316459d19a"
  integrity sha512-MoYe9SM40UaunTjC+01c9OILLH3uSoeri58kDMu3KF/EFEvn1LZ6ODeDj+SLGlAc95wn46hrRJS2BPmDDE+jFQ==

"@next/swc-linux-x64-gnu@13.0.3":
  version "13.0.3"
  resolved "https://registry.yarnpkg.com/@next/swc-linux-x64-gnu/-/swc-linux-x64-gnu-13.0.3.tgz#a9b414123f26912fc830e5a65dd02e1ca56e2ead"
  integrity sha512-z22T5WGnRanjLMXdF0NaNjSpBlEzzY43t5Ysp3nW1oI6gOkub6WdQNZeHIY7A2JwkgSWZmtjLtf+Fzzz38LHeQ==

"@next/swc-linux-x64-musl@13.0.3":
  version "13.0.3"
  resolved "https://registry.yarnpkg.com/@next/swc-linux-x64-musl/-/swc-linux-x64-musl-13.0.3.tgz#113f896de5e818ab40e6ec046538203cdd07dab0"
  integrity sha512-ZOMT7zjBFmkusAtr47k8xs/oTLsNlTH6xvYb+iux7yly2hZGwhfBLzPGBsbeMZukZ96IphJTagT+C033s6LNVA==

"@next/swc-win32-arm64-msvc@13.0.3":
  version "13.0.3"
  resolved "https://registry.yarnpkg.com/@next/swc-win32-arm64-msvc/-/swc-win32-arm64-msvc-13.0.3.tgz#2ae5abe61f982a10f7742e97ac57f166751734aa"
  integrity sha512-Q4BM16Djl+Oah9UdGrvjFYgoftYB2jNd+rtRGPX5Mmxo09Ry/KiLbOZnoUyoIxKc1xPyfqMXuaVsAFQLYs0KEQ==

"@next/swc-win32-ia32-msvc@13.0.3":
  version "13.0.3"
  resolved "https://registry.yarnpkg.com/@next/swc-win32-ia32-msvc/-/swc-win32-ia32-msvc-13.0.3.tgz#1a9c0d36c7dab1620257e85ada702c5acd9875d6"
  integrity sha512-Sa8yGkNeRUsic8Qjf7MLIAfP0p0+einK/wIqJ8UO1y76j+8rRQu42AMs5H4Ax1fm9GEYq6I8njHtY59TVpTtGQ==

"@next/swc-win32-x64-msvc@13.0.3":
  version "13.0.3"
  resolved "https://registry.yarnpkg.com/@next/swc-win32-x64-msvc/-/swc-win32-x64-msvc-13.0.3.tgz#7db0adbea7b4aafdbe2a7745d2c7c048903876ad"
  integrity sha512-IAptmSqA7k4tQzaw2NAkoEjj3+Dz9ceuvlEHwYh770MMDL4V0ku2m+UHrmn5HUCEDHhgwwjg2nyf6728q2jr1w==

"@swc/helpers@0.4.11":
  version "0.4.11"
  resolved "https://registry.yarnpkg.com/@swc/helpers/-/helpers-0.4.11.tgz#db23a376761b3d31c26502122f349a21b592c8de"
  integrity sha512-rEUrBSGIoSFuYxwBYtlUFMlE2CwGhmW+w9355/5oduSw8e5h2+Tj4UrAGNNgP9915++wj5vkQo0UuOBqOAq4nw==
  dependencies:
    tslib "^2.4.0"

"@types/prop-types@*":
  version "15.7.2"
  resolved "https://registry.yarnpkg.com/@types/prop-types/-/prop-types-15.7.2.tgz#0e58ae66773d7fd7c372a493aff740878ec9ceaa"
  integrity sha512-f8JzJNWVhKtc9dg/dyDNfliTKNOJSLa7Oht/ElZdF/UbMUmAH3rLmAk3ODNjw0mZajDEgatA03tRjB4+Dp/tzA==

"@types/react-transition-group@^4.2.0":
  version "4.2.2"
  resolved "https://registry.yarnpkg.com/@types/react-transition-group/-/react-transition-group-4.2.2.tgz#8c851c4598a23a3a34173069fb4c5c9e41c02e3f"
  integrity sha512-YfoaTNqBwbIqpiJ5NNfxfgg5kyFP1Hqf/jqBtSWNv0E+EkkxmN+3VD6U2fu86tlQvdAc1o0SdWhnWFwcRMTn9A==
  dependencies:
    "@types/react" "*"

"@types/react@*":
  version "16.9.2"
  resolved "https://registry.yarnpkg.com/@types/react/-/react-16.9.2.tgz#6d1765431a1ad1877979013906731aae373de268"
  integrity sha512-jYP2LWwlh+FTqGd9v7ynUKZzjj98T8x7Yclz479QdRhHfuW9yQ+0jjnD31eXSXutmBpppj5PYNLYLRfnZJvcfg==
  dependencies:
    "@types/prop-types" "*"
    csstype "^2.2.0"

apexcharts@^3.8.6:
  version "3.8.6"
  resolved "https://registry.yarnpkg.com/apexcharts/-/apexcharts-3.8.6.tgz#d32b1cb0480351dd7ed79e45722d5ea604f89009"
  integrity sha512-IFw0MgShaW/HgOS/MnaaZa8rgIAwk89XvmOV6SRFkGjfQZIlQFzPDgrnKMbjsRqo2J8DBbdzSYejwvOFiJpkSg==
  dependencies:
    promise-polyfill "8.1.0"
    svg.draggable.js "^2.2.2"
    svg.easing.js "^2.0.0"
    svg.filter.js "^2.0.2"
    svg.pathmorphing.js "^0.1.3"
    svg.resize.js "^1.4.3"
    svg.select.js "^2.1.2"

caniuse-lite@^1.0.30001406:
  version "1.0.30001431"
  resolved "https://registry.yarnpkg.com/caniuse-lite/-/caniuse-lite-1.0.30001431.tgz#e7c59bd1bc518fae03a4656be442ce6c4887a795"
  integrity sha512-zBUoFU0ZcxpvSt9IU66dXVT/3ctO1cy4y9cscs1szkPlcWb6pasYM144GqrUygUbT+k7cmUCW61cvskjcv0enQ==

client-only@0.0.1:
  version "0.0.1"
  resolved "https://registry.yarnpkg.com/client-only/-/client-only-0.0.1.tgz#38bba5d403c41ab150bff64a95c85013cf73bca1"
  integrity sha512-IV3Ou0jSMzZrd3pZ48nLkT9DA7Ag1pnPzaiQhpW7c3RbcqqzvzzVu+L8gfqMp/8IM2MQtSiqaCxrrcfu8I8rMA==

clsx@^1.0.2:
  version "1.0.4"
  resolved "https://registry.yarnpkg.com/clsx/-/clsx-1.0.4.tgz#0c0171f6d5cb2fe83848463c15fcc26b4df8c2ec"
  integrity sha512-1mQ557MIZTrL/140j+JVdRM6e31/OA4vTYxXgqIIZlndyfjHpyawKZia1Im05Vp9BWmImkcNrNtFYQMyFcgJDg==

convert-css-length@^2.0.1:
  version "2.0.1"
  resolved "https://registry.yarnpkg.com/convert-css-length/-/convert-css-length-2.0.1.tgz#90a76bde5bfd24d72881a5b45d02249b2c1d257c"
  integrity sha512-iGpbcvhLPRKUbBc0Quxx7w/bV14AC3ItuBEGMahA5WTYqB8lq9jH0kTXFheCBASsYnqeMFZhiTruNxr1N59Axg==

css-vendor@^2.0.5:
  version "2.0.6"
  resolved "https://registry.yarnpkg.com/css-vendor/-/css-vendor-2.0.6.tgz#a205f73d7562e8728c86ef6ce5ee7c7e5eefd71b"
  integrity sha512-buv8FoZh84iMrtPHYGYll00/qSNV0gYO6E/GUCjUPTsSPj7uf/wot/QZwig+7qdFGxJ7HjOSJoclbhag09TVUQ==
  dependencies:
    "@babel/runtime" "^7.5.5"
    is-in-browser "^1.0.2"

csstype@^2.2.0, csstype@^2.5.2, csstype@^2.6.5, csstype@^2.6.6:
  version "2.6.6"
  resolved "https://registry.yarnpkg.com/csstype/-/csstype-2.6.6.tgz#c34f8226a94bbb10c32cc0d714afdf942291fc41"
  integrity sha512-RpFbQGUE74iyPgvr46U9t1xoQBM8T4BL8SxrN66Le2xYAPSaDJJKeztV3awugusb3g3G9iL8StmkBBXhcbbXhg==

deepmerge@^4.0.0:
  version "4.0.0"
  resolved "https://registry.yarnpkg.com/deepmerge/-/deepmerge-4.0.0.tgz#3e3110ca29205f120d7cb064960a39c3d2087c09"
  integrity sha512-YZ1rOP5+kHor4hMAH+HRQnBQHg+wvS1un1hAOuIcxcBy0hzcUf6Jg2a1w65kpoOUnurOfZbERwjI1TfZxNjcww==

dom-helpers@^5.0.1:
  version "5.1.0"
  resolved "https://registry.yarnpkg.com/dom-helpers/-/dom-helpers-5.1.0.tgz#57a726de04abcc2a8bbfe664b3e21c584bde514e"
  integrity sha512-zRRYDhpiKuAJHasOqCm7lBnsd22nrM4+OYI4ASWCxen+ocTMl7BIAKgGag97TlLiTl6rrau5aPe1VGUm9jQBng==
  dependencies:
    "@babel/runtime" "^7.5.5"
    csstype "^2.6.6"

hoist-non-react-statics@^3.2.1:
  version "3.3.0"
  resolved "https://registry.yarnpkg.com/hoist-non-react-statics/-/hoist-non-react-statics-3.3.0.tgz#b09178f0122184fb95acf525daaecb4d8f45958b"
  integrity sha512-0XsbTXxgiaCDYDIWFcwkmerZPSwywfUqYmwT4jzewKTQSWoE6FCMoUVOeBJWK3E/CrWbxRG3m5GzY4lnIwGRBA==
  dependencies:
    react-is "^16.7.0"

hyphenate-style-name@^1.0.3:
  version "1.0.3"
  resolved "https://registry.yarnpkg.com/hyphenate-style-name/-/hyphenate-style-name-1.0.3.tgz#097bb7fa0b8f1a9cf0bd5c734cf95899981a9b48"
  integrity sha512-EcuixamT82oplpoJ2XU4pDtKGWQ7b00CD9f1ug9IaQ3p1bkHMiKCZ9ut9QDI6qsa6cpUuB+A/I+zLtdNK4n2DQ==

is-in-browser@^1.0.2, is-in-browser@^1.1.3:
  version "1.1.3"
  resolved "https://registry.yarnpkg.com/is-in-browser/-/is-in-browser-1.1.3.tgz#56ff4db683a078c6082eb95dad7dc62e1d04f835"
  integrity sha1-Vv9NtoOgeMYILrldrX3GLh0E+DU=

is-plain-object@^3.0.0:
  version "3.0.0"
  resolved "https://registry.yarnpkg.com/is-plain-object/-/is-plain-object-3.0.0.tgz#47bfc5da1b5d50d64110806c199359482e75a928"
  integrity sha512-tZIpofR+P05k8Aocp7UI/2UTa9lTJSebCXpFFoR9aibpokDj/uXBsJ8luUu0tTVYKkMU6URDUuOfJZ7koewXvg==
  dependencies:
    isobject "^4.0.0"

isobject@^4.0.0:
  version "4.0.0"
  resolved "https://registry.yarnpkg.com/isobject/-/isobject-4.0.0.tgz#3f1c9155e73b192022a80819bacd0343711697b0"
  integrity sha512-S/2fF5wH8SJA/kmwr6HYhK/RI/OkhD84k8ntalo0iJjZikgq1XFvR5M8NPT1x5F7fBwCG3qHfnzeP/Vh/ZxCUA==

"js-tokens@^3.0.0 || ^4.0.0":
  version "4.0.0"
  resolved "https://registry.yarnpkg.com/js-tokens/-/js-tokens-4.0.0.tgz#19203fb59991df98e3a287050d4647cdeaf32499"
  integrity sha512-RdJUflcE3cUzKiMqQgsCu06FPu9UdIJO0beYbPhHN4k6apgJtifcoCtT9bcxOpYBtpD2kCM6Sbzg4CausW/PKQ==

jss-plugin-camel-case@10.0.0-alpha.24:
  version "10.0.0-alpha.24"
  resolved "https://registry.yarnpkg.com/jss-plugin-camel-case/-/jss-plugin-camel-case-10.0.0-alpha.24.tgz#579a48989d2628ee8baaa006449b1b82d32ee27e"
  integrity sha512-cRYLbGl6oO9wdGXp3hn+xqc8pw8bjaui25dDYuEeEsRZMh5/OKl3ByYxDT3PLKgFqouy5Xo+YmLGVH8l+nnEdQ==
  dependencies:
    "@babel/runtime" "^7.3.1"
    hyphenate-style-name "^1.0.3"
    jss "10.0.0-alpha.24"

jss-plugin-default-unit@10.0.0-alpha.24:
  version "10.0.0-alpha.24"
  resolved "https://registry.yarnpkg.com/jss-plugin-default-unit/-/jss-plugin-default-unit-10.0.0-alpha.24.tgz#3e6e24e8ec7aaa950c8975f1645ea861b8aa338e"
  integrity sha512-1E1XlJqJ/9I1lR5EO/tA75U1LIIicKvW6xZEKLxAP8NC/rUjI+yBQBTBJn61LOpua51e7fgW8me46Z+iuXiC4A==
  dependencies:
    "@babel/runtime" "^7.3.1"
    jss "10.0.0-alpha.24"

jss-plugin-global@10.0.0-alpha.24:
  version "10.0.0-alpha.24"
  resolved "https://registry.yarnpkg.com/jss-plugin-global/-/jss-plugin-global-10.0.0-alpha.24.tgz#a53e2028d0cb073661e8213f2e622fef9ef4b1fa"
  integrity sha512-3LoxrZloF4tvXrS5S7enV9OhtaxXsEP3BQdiE76vI/ecCmgNDZNpnPd8MG20ptn2iAOsoMGfoMX20Ea1IKl/Mg==
  dependencies:
    "@babel/runtime" "^7.3.1"
    jss "10.0.0-alpha.24"

jss-plugin-nested@10.0.0-alpha.24:
  version "10.0.0-alpha.24"
  resolved "https://registry.yarnpkg.com/jss-plugin-nested/-/jss-plugin-nested-10.0.0-alpha.24.tgz#f1b4a0bd1050e29d627c9bc2dc0f424c35f0aa44"
  integrity sha512-BWU6NaRZTVSJc7N+3FeHacdkFOjCMThouoRQPCWVxeT0nmAVlVGwgYzChcI+vzncx+UaRQC0x+01FYhVQ2xAFA==
  dependencies:
    "@babel/runtime" "^7.3.1"
    jss "10.0.0-alpha.24"
    tiny-warning "^1.0.2"

jss-plugin-props-sort@10.0.0-alpha.24:
  version "10.0.0-alpha.24"
  resolved "https://registry.yarnpkg.com/jss-plugin-props-sort/-/jss-plugin-props-sort-10.0.0-alpha.24.tgz#e309e286004b6e059c373efaa308b8742e22ec16"
  integrity sha512-TB4RpXwnGSEE58rN2RRzcWqhIaz0oAS1UBg10mk1fuLpkKyHEJWuuZXzgGih23Ivl/8LDVzTF+QRY5JagMUUGg==
  dependencies:
    "@babel/runtime" "^7.3.1"
    jss "10.0.0-alpha.24"

jss-plugin-rule-value-function@10.0.0-alpha.24:
  version "10.0.0-alpha.24"
  resolved "https://registry.yarnpkg.com/jss-plugin-rule-value-function/-/jss-plugin-rule-value-function-10.0.0-alpha.24.tgz#85bfd5f994647cb4bf2237d18232421ea362665c"
  integrity sha512-uFw4tf8PN48bdv4ZcDjG3OzKPIFZ4gpCC1cWO/dyexYfFIubX3bnQUbK4B0wPNe9LJU4KQo8s4F42B8B1ADTrA==
  dependencies:
    "@babel/runtime" "^7.3.1"
    jss "10.0.0-alpha.24"

jss-plugin-vendor-prefixer@10.0.0-alpha.24:
  version "10.0.0-alpha.24"
  resolved "https://registry.yarnpkg.com/jss-plugin-vendor-prefixer/-/jss-plugin-vendor-prefixer-10.0.0-alpha.24.tgz#c4c2c28667d3c7c0d9a01ca1f7a2f74367d1ceef"
  integrity sha512-hffKj0kSSvZsXs6RYEylpBlEGjryMzU1lsWqC5vQAT/Xb3tDe60BbEarEOFLBGv7EfyajXkuRwlXAQocV5ejCg==
  dependencies:
    "@babel/runtime" "^7.3.1"
    css-vendor "^2.0.5"
    jss "10.0.0-alpha.24"

jss@10.0.0-alpha.24:
  version "10.0.0-alpha.24"
  resolved "https://registry.yarnpkg.com/jss/-/jss-10.0.0-alpha.24.tgz#f8e2044b6b2f034db05a685d99c599095baf8b61"
  integrity sha512-kfuSitcj7MTrDtSPLkrWcZppgZlTE3A+cqrkC+Z10WYROt0RXIWINAaK8tE2ohwkDfUlaM1YcRYvV3iT6YNFTA==
  dependencies:
    "@babel/runtime" "^7.3.1"
    csstype "^2.6.5"
    is-in-browser "^1.1.3"
    tiny-warning "^1.0.2"

loose-envify@^1.0.0, loose-envify@^1.1.0, loose-envify@^1.4.0:
  version "1.4.0"
  resolved "https://registry.yarnpkg.com/loose-envify/-/loose-envify-1.4.0.tgz#71ee51fa7be4caec1a63839f7e682d8132d30caf"
  integrity sha512-lyuxPGr/Wfhrlem2CL/UcnUc1zcqKAImBDzukY7Y5F/yQiNdko6+fRLevlw1HgMySw7f611UIY408EtxRSoK3Q==
  dependencies:
    js-tokens "^3.0.0 || ^4.0.0"

nanoid@^3.3.4:
  version "3.3.4"
  resolved "https://registry.yarnpkg.com/nanoid/-/nanoid-3.3.4.tgz#730b67e3cd09e2deacf03c027c81c9d9dbc5e8ab"
  integrity sha512-MqBkQh/OHTS2egovRtLk45wEyNXwF+cokD+1YPf9u5VfJiRdAiRwB2froX5Co9Rh20xs4siNPm8naNotSD6RBw==

next@13.0.3:
  version "13.0.3"
  resolved "https://registry.yarnpkg.com/next/-/next-13.0.3.tgz#577e2f7cdd9c9dba79353cd57fd854fe7e506a44"
  integrity sha512-rFQeepcenRxKzeKlh1CsmEnxsJwhIERtbUjmYnKZyDInZsU06lvaGw5DT44rlNp1Rv2MT/e9vffZ8vK+ytwXHA==
  dependencies:
    "@next/env" "13.0.3"
    "@swc/helpers" "0.4.11"
    caniuse-lite "^1.0.30001406"
    postcss "8.4.14"
    styled-jsx "5.1.0"
    use-sync-external-store "1.2.0"
  optionalDependencies:
    "@next/swc-android-arm-eabi" "13.0.3"
    "@next/swc-android-arm64" "13.0.3"
    "@next/swc-darwin-arm64" "13.0.3"
    "@next/swc-darwin-x64" "13.0.3"
    "@next/swc-freebsd-x64" "13.0.3"
    "@next/swc-linux-arm-gnueabihf" "13.0.3"
    "@next/swc-linux-arm64-gnu" "13.0.3"
    "@next/swc-linux-arm64-musl" "13.0.3"
    "@next/swc-linux-x64-gnu" "13.0.3"
    "@next/swc-linux-x64-musl" "13.0.3"
    "@next/swc-win32-arm64-msvc" "13.0.3"
    "@next/swc-win32-ia32-msvc" "13.0.3"
    "@next/swc-win32-x64-msvc" "13.0.3"

normalize-scroll-left@^0.2.0:
  version "0.2.0"
  resolved "https://registry.yarnpkg.com/normalize-scroll-left/-/normalize-scroll-left-0.2.0.tgz#9445d74275f303cc661e113329aefa492f58114c"
  integrity sha512-t5oCENZJl8TGusJKoCJm7+asaSsPuNmK6+iEjrZ5TyBj2f02brCRsd4c83hwtu+e5d4LCSBZ0uoDlMjBo+A8yA==

object-assign@^4.1.1:
  version "4.1.1"
  resolved "https://registry.yarnpkg.com/object-assign/-/object-assign-4.1.1.tgz#2109adc7965887cfc05cbbd442cac8bfbb360863"
  integrity sha1-IQmtx5ZYh8/AXLvUQsrIv7s2CGM=

picocolors@^1.0.0:
  version "1.0.0"
  resolved "https://registry.yarnpkg.com/picocolors/-/picocolors-1.0.0.tgz#cb5bdc74ff3f51892236eaf79d68bc44564ab81c"
  integrity sha512-1fygroTLlHu66zi26VoTDv8yRgm0Fccecssto+MhsZ0D/DGW2sm8E8AjW7NU5VVTRt5GxbeZ5qBuJr+HyLYkjQ==

popper.js@^1.14.1:
  version "1.15.0"
  resolved "https://registry.yarnpkg.com/popper.js/-/popper.js-1.15.0.tgz#5560b99bbad7647e9faa475c6b8056621f5a4ff2"
  integrity sha512-w010cY1oCUmI+9KwwlWki+r5jxKfTFDVoadl7MSrIujHU5MJ5OR6HTDj6Xo8aoR/QsA56x8jKjA59qGH4ELtrA==

postcss@8.4.14:
  version "8.4.14"
  resolved "https://registry.yarnpkg.com/postcss/-/postcss-8.4.14.tgz#ee9274d5622b4858c1007a74d76e42e56fd21caf"
  integrity sha512-E398TUmfAYFPBSdzgeieK2Y1+1cpdxJx8yXbK/m57nRhKSmk1GB2tO4lbLBtlkfPQTDKfe4Xqv1ASWPpayPEig==
  dependencies:
    nanoid "^3.3.4"
    picocolors "^1.0.0"
    source-map-js "^1.0.2"

promise-polyfill@8.1.0:
  version "8.1.0"
  resolved "https://registry.yarnpkg.com/promise-polyfill/-/promise-polyfill-8.1.0.tgz#30059da54d1358ce905ac581f287e184aedf995d"
  integrity sha512-OzSf6gcCUQ01byV4BgwyUCswlaQQ6gzXc23aLQWhicvfX9kfsUiUhgt3CCQej8jDnl8/PhGF31JdHX2/MzF3WA==

prop-types@^15.5.7, prop-types@^15.6.2, prop-types@^15.7.2:
  version "15.7.2"
  resolved "https://registry.yarnpkg.com/prop-types/-/prop-types-15.7.2.tgz#52c41e75b8c87e72b9d9360e0206b99dcbffa6c5"
  integrity sha512-8QQikdH7//R2vurIJSutZ1smHYTcLpRWEOlHnzcWHmBYrOGUysKwSsrC89BCiFj3CbrfJ/nXFdJepOVrY1GCHQ==
  dependencies:
    loose-envify "^1.4.0"
    object-assign "^4.1.1"
    react-is "^16.8.1"

react-apexcharts@^1.3.3:
  version "1.3.3"
  resolved "https://registry.yarnpkg.com/react-apexcharts/-/react-apexcharts-1.3.3.tgz#d55050c4995f55d6cee78861fb325ee6edaac307"
  integrity sha512-8QztjzXnDwQc2lkhTstyB3DvICqn7aiW1m+GLIz2r8+kBBKW0LAOIud/khR/4pN8xvhM3FITcGPDConUvI/AbQ==
  dependencies:
    prop-types "^15.5.7"

react-dom@16.9.0:
  version "16.9.0"
  resolved "https://registry.yarnpkg.com/react-dom/-/react-dom-16.9.0.tgz#5e65527a5e26f22ae3701131bcccaee9fb0d3962"
  integrity sha512-YFT2rxO9hM70ewk9jq0y6sQk8cL02xm4+IzYBz75CQGlClQQ1Bxq0nhHF6OtSbit+AIahujJgb/CPRibFkMNJQ==
  dependencies:
    loose-envify "^1.1.0"
    object-assign "^4.1.1"
    prop-types "^15.6.2"
    scheduler "^0.15.0"

react-is@^16.7.0, react-is@^16.8.1, react-is@^16.8.6:
  version "16.9.0"
  resolved "https://registry.yarnpkg.com/react-is/-/react-is-16.9.0.tgz#21ca9561399aad0ff1a7701c01683e8ca981edcb"
  integrity sha512-tJBzzzIgnnRfEm046qRcURvwQnZVXmuCbscxUO5RWrGTXpon2d4c8mI0D8WE6ydVIm29JiLB6+RslkIvym9Rjw==

react-transition-group@^4.0.0:
  version "4.3.0"
  resolved "https://registry.yarnpkg.com/react-transition-group/-/react-transition-group-4.3.0.tgz#fea832e386cf8796c58b61874a3319704f5ce683"
  integrity sha512-1qRV1ZuVSdxPlPf4O8t7inxUGpdyO5zG9IoNfJxSO0ImU2A1YWkEQvFPuIPZmMLkg5hYs7vv5mMOyfgSkvAwvw==
  dependencies:
    "@babel/runtime" "^7.5.5"
    dom-helpers "^5.0.1"
    loose-envify "^1.4.0"
    prop-types "^15.6.2"

react-webcam@^3.1.1:
  version "3.1.1"
  resolved "https://registry.yarnpkg.com/react-webcam/-/react-webcam-3.1.1.tgz#0c73b3f6d3bbf2bf986adaa4446e9c770809f020"
  integrity sha512-ByfSevEyq05yExOUUEe0m7QW7l8CNFxuRzqPKwMVsvXjP+FtaCNZuNviQD9Q5qHJ0wpbM+VXO8/OUjBp0UIE2w==

react@16.9.0:
  version "16.9.0"
  resolved "https://registry.yarnpkg.com/react/-/react-16.9.0.tgz#40ba2f9af13bc1a38d75dbf2f4359a5185c4f7aa"
  integrity sha512-+7LQnFBwkiw+BobzOF6N//BdoNw0ouwmSJTEm9cglOOmsg/TMiFHZLe2sEoN5M7LgJTj9oHH0gxklfnQe66S1w==
  dependencies:
    loose-envify "^1.1.0"
    object-assign "^4.1.1"
    prop-types "^15.6.2"

regenerator-runtime@^0.13.4:
  version "0.13.5"
  resolved "https://registry.yarnpkg.com/regenerator-runtime/-/regenerator-runtime-0.13.5.tgz#d878a1d094b4306d10b9096484b33ebd55e26697"
  integrity sha512-ZS5w8CpKFinUzOwW3c83oPeVXoNsrLsaCoLtJvAClH135j/R77RuymhiSErhm2lKcwSCIpmvIWSbDkIfAqKQlA==

scheduler@^0.15.0:
  version "0.15.0"
  resolved "https://registry.yarnpkg.com/scheduler/-/scheduler-0.15.0.tgz#6bfcf80ff850b280fed4aeecc6513bc0b4f17f8e"
  integrity sha512-xAefmSfN6jqAa7Kuq7LIJY0bwAPG3xlCj0HMEBQk1lxYiDKZscY2xJ5U/61ZTrYbmNQbXa+gc7czPkVo11tnCg==
  dependencies:
    loose-envify "^1.1.0"
    object-assign "^4.1.1"

source-map-js@^1.0.2:
  version "1.0.2"
  resolved "https://registry.yarnpkg.com/source-map-js/-/source-map-js-1.0.2.tgz#adbc361d9c62df380125e7f161f71c826f1e490c"
  integrity sha512-R0XvVJ9WusLiqTCEiGCmICCMplcCkIwwR11mOSD9CR5u+IXYdiseeEuXCVAjS54zqwkLcPNnmU4OeJ6tUrWhDw==

styled-jsx@5.1.0:
  version "5.1.0"
  resolved "https://registry.yarnpkg.com/styled-jsx/-/styled-jsx-5.1.0.tgz#4a5622ab9714bd3fcfaeec292aa555871f057563"
  integrity sha512-/iHaRJt9U7T+5tp6TRelLnqBqiaIT0HsO0+vgyj8hK2KUk7aejFqRrumqPUlAqDwAj8IbS/1hk3IhBAAK/FCUQ==
  dependencies:
    client-only "0.0.1"

svg.draggable.js@^2.2.2:
  version "2.2.2"
  resolved "https://registry.yarnpkg.com/svg.draggable.js/-/svg.draggable.js-2.2.2.tgz#c514a2f1405efb6f0263e7958f5b68fce50603ba"
  integrity sha512-JzNHBc2fLQMzYCZ90KZHN2ohXL0BQJGQimK1kGk6AvSeibuKcIdDX9Kr0dT9+UJ5O8nYA0RB839Lhvk4CY4MZw==
  dependencies:
    svg.js "^2.0.1"

svg.easing.js@^2.0.0:
  version "2.0.0"
  resolved "https://registry.yarnpkg.com/svg.easing.js/-/svg.easing.js-2.0.0.tgz#8aa9946b0a8e27857a5c40a10eba4091e5691f12"
  integrity sha1-iqmUawqOJ4V6XEChDrpAkeVpHxI=
  dependencies:
    svg.js ">=2.3.x"

svg.filter.js@^2.0.2:
  version "2.0.2"
  resolved "https://registry.yarnpkg.com/svg.filter.js/-/svg.filter.js-2.0.2.tgz#91008e151389dd9230779fcbe6e2c9a362d1c203"
  integrity sha1-kQCOFROJ3ZIwd5/L5uLJo2LRwgM=
  dependencies:
    svg.js "^2.2.5"

svg.js@>=2.3.x, svg.js@^2.0.1, svg.js@^2.2.5, svg.js@^2.4.0, svg.js@^2.6.5:
  version "2.7.1"
  resolved "https://registry.yarnpkg.com/svg.js/-/svg.js-2.7.1.tgz#eb977ed4737001eab859949b4a398ee1bb79948d"
  integrity sha512-ycbxpizEQktk3FYvn/8BH+6/EuWXg7ZpQREJvgacqn46gIddG24tNNe4Son6omdXCnSOaApnpZw6MPCBA1dODA==

svg.pathmorphing.js@^0.1.3:
  version "0.1.3"
  resolved "https://registry.yarnpkg.com/svg.pathmorphing.js/-/svg.pathmorphing.js-0.1.3.tgz#c25718a1cc7c36e852ecabc380e758ac09bb2b65"
  integrity sha512-49HWI9X4XQR/JG1qXkSDV8xViuTLIWm/B/7YuQELV5KMOPtXjiwH4XPJvr/ghEDibmLQ9Oc22dpWpG0vUDDNww==
  dependencies:
    svg.js "^2.4.0"

svg.resize.js@^1.4.3:
  version "1.4.3"
  resolved "https://registry.yarnpkg.com/svg.resize.js/-/svg.resize.js-1.4.3.tgz#885abd248e0cd205b36b973c4b578b9a36f23332"
  integrity sha512-9k5sXJuPKp+mVzXNvxz7U0uC9oVMQrrf7cFsETznzUDDm0x8+77dtZkWdMfRlmbkEEYvUn9btKuZ3n41oNA+uw==
  dependencies:
    svg.js "^2.6.5"
    svg.select.js "^2.1.2"

svg.select.js@^2.1.2:
  version "2.1.2"
  resolved "https://registry.yarnpkg.com/svg.select.js/-/svg.select.js-2.1.2.tgz#e41ce13b1acff43a7441f9f8be87a2319c87be73"
  integrity sha512-tH6ABEyJsAOVAhwcCjF8mw4crjXSI1aa7j2VQR8ZuJ37H2MBUbyeqYr5nEO7sSN3cy9AR9DUwNg0t/962HlDbQ==
  dependencies:
    svg.js "^2.2.5"

tiny-warning@^1.0.2:
  version "1.0.3"
  resolved "https://registry.yarnpkg.com/tiny-warning/-/tiny-warning-1.0.3.tgz#94a30db453df4c643d0fd566060d60a875d84754"
  integrity sha512-lBN9zLN/oAf68o3zNXYrdCt1kP8WsiGW8Oo2ka41b2IM5JL/S1CTyX1rW0mb/zSuJun0ZUrDxx4sqvYS2FWzPA==

tslib@^2.4.0:
  version "2.4.1"
  resolved "https://registry.yarnpkg.com/tslib/-/tslib-2.4.1.tgz#0d0bfbaac2880b91e22df0768e55be9753a5b17e"
  integrity sha512-tGyy4dAjRIEwI7BzsB0lynWgOpfqjUdq91XXAlIWD2OwKBH7oCl/GZG/HT4BOHrTlPMOASlMQ7veyTqpmRcrNA==

use-sync-external-store@1.2.0:
  version "1.2.0"
  resolved "https://registry.yarnpkg.com/use-sync-external-store/-/use-sync-external-store-1.2.0.tgz#7dbefd6ef3fe4e767a0cf5d7287aacfb5846928a"
  integrity sha512-eEgnFxGQ1Ife9bzYs6VLi8/4X6CObHMw9Qr9tPY43iKwsPw8xE8+EFsf/2cFZ5S3esXgpWgtSCtLNS41F+sKPA==

warning@^4.0.1:
  version "4.0.3"
  resolved "https://registry.yarnpkg.com/warning/-/warning-4.0.3.tgz#16e9e077eb8a86d6af7d64aa1e05fd85b4678ca3"
  integrity sha512-rpJyN222KWIvHJ/F53XSZv0Zl/accqHR8et1kpaMTD/fLCRxtV8iX8czMzY7sVZupTI3zcUTg8eycS2kNF9l6w==
  dependencies:
    loose-envify "^1.0.0"
